uuid: 9a972b5c-fbd3-4d4b-9379-dbc5c5bd6318
langcode: en
status: true
dependencies:
  config:
    - views.view.committees_faceted
  module:
    - facets
    - system
    - views
  theme:
    - dd
id: views_block__committees_faceted_assembly_block
theme: dd
region: content
weight: -33
provider: null
plugin: 'views_block:committees_faceted-assembly_block'
settings:
  id: 'views_block:committees_faceted-assembly_block'
  label: ''
  provider: views
  label_display: visible
  views_label: ''
  items_per_page: none
visibility:
  other_facet:
    id: other_facet
    facets: ''
    facet_value: ''
    negate: false
    context_mapping: {  }
  request_path:
    id: request_path
    pages: /committees
    negate: false
    context_mapping: {  }
