uuid: a72dce8c-afd3-4074-9f1f-c334406bfe6f
langcode: en
status: true
dependencies:
  module:
    - dd_utterance
    - facets
    - system
  theme:
    - zen
id: zen_ddutteranceblock
theme: zen
region: content
weight: null
provider: null
plugin: dd_utterance_block
settings:
  id: dd_utterance_block
  label: 'DD Utterance Block'
  provider: dd_utterance
  label_display: '0'
visibility:
  other_facet:
    id: other_facet
    facets: ''
    facet_value: ''
    negate: false
    context_mapping: {  }
  request_path:
    id: request_path
    pages: '/hearing/*'
    negate: false
    context_mapping: {  }
