uuid: efd60140-fec4-4e00-bc2d-df9440689bb8
langcode: en
status: true
dependencies:
  module:
    - block_visibility_groups
    - dd_base
    - facets
    - request_parameter_condition
  theme:
    - dd
id: stateselectblock
theme: dd
region: states_scrollbar
weight: -49
provider: null
plugin: state_select_block
settings:
  id: state_select_block
  label: 'State select block'
  provider: dd_base
  label_display: '0'
visibility:
  condition_group:
    id: condition_group
    negate: false
    block_visibility_group: ''
    context_mapping: {  }
  other_facet:
    id: other_facet
    facets: ''
    facet_value: ''
    negate: false
    context_mapping: {  }
  request_parameter:
    id: request_parameter
    parameter: ''
    operation: Equals
    checked_value: ''
    case_sensitive: 'No'
    negate: false
    context_mapping: {  }
